# THIS IS AN AUTOGENERATED FILE. DO NOT EDIT THIS FILE DIRECTLY.
# yarn lockfile v1


tailwindcss@^4.1.15:
  version "4.1.15"
  resolved "https://registry.yarnpkg.com/tailwindcss/-/tailwindcss-4.1.15.tgz#1437ee75ed8f66d8d866da5e25daa38d06ce5cea"
  integrity sha512-k2WLnWkYFkdpRv+Oby3EBXIyQC8/s1HOFMBUViwtAh6Z5uAozeUSMQlIsn/c6Q2iJzqG6aJT3wdPaRNj70iYxQ==
